// !$*UTF8*$!
{
	archiveVersion = 1;
	classes = {
	};
	objectVersion = 46;
	objects = {

/* Begin PBXBuildFile section */
		55CCE05B1DC8F9E9002F183D /* HomeViewController.swift in Sources */ = {isa = PBXBuildFile; fileRef = 55CCE05A1DC8F9E9002F183D /* HomeViewController.swift */; };
		55CCE05D1DC8FACF002F183D /* AuthViewController.swift in Sources */ = {isa = PBXBuildFile; fileRef = 55CCE05C1DC8FACF002F183D /* AuthViewController.swift */; };
		55CCE05F1DC91ACB002F183D /* Repository.swift in Sources */ = {isa = PBXBuildFile; fileRef = 55CCE05E1DC91ACB002F183D /* Repository.swift */; };
		55CCE0611DC95B9E002F183D /* RepoTableViewCell.swift in Sources */ = {isa = PBXBuildFile; fileRef = 55CCE0601DC95B9E002F183D /* RepoTableViewCell.swift */; };
		55CCE0631DCA6AA9002F183D /* RepoDetailViewController.swift in Sources */ = {isa = PBXBuildFile; fileRef = 55CCE0621DCA6AA9002F183D /* RepoDetailViewController.swift */; };
		55CCE0651DCA6DD6002F183D /* CustomTransition.swift in Sources */ = {isa = PBXBuildFile; fileRef = 55CCE0641DCA6DD6002F183D /* CustomTransition.swift */; };
		55CCE0681DCA9409002F183D /* repoCell.xib in Resources */ = {isa = PBXBuildFile; fileRef = 55CCE0671DCA9409002F183D /* repoCell.xib */; };
		55CCE06A1DCBA255002F183D /* UserSearchViewController.swift in Sources */ = {isa = PBXBuildFile; fileRef = 55CCE0691DCBA255002F183D /* UserSearchViewController.swift */; };
		55CCE06C1DCBA508002F183D /* User.swift in Sources */ = {isa = PBXBuildFile; fileRef = 55CCE06B1DCBA508002F183D /* User.swift */; };
		55CCE06E1DCBB785002F183D /* WebViewController.swift in Sources */ = {isa = PBXBuildFile; fileRef = 55CCE06D1DCBB785002F183D /* WebViewController.swift */; };
		55CCE0721DCBE868002F183D /* ReadMe.swift in Sources */ = {isa = PBXBuildFile; fileRef = 55CCE0711DCBE868002F183D /* ReadMe.swift */; };
		55CCE0761DCBF30D002F183D /* ReadMeView.swift in Sources */ = {isa = PBXBuildFile; fileRef = 55CCE0751DCBF30D002F183D /* ReadMeView.swift */; };
		55E696C01DC7A92A00BD8757 /* AppDelegate.swift in Sources */ = {isa = PBXBuildFile; fileRef = 55E696BF1DC7A92A00BD8757 /* AppDelegate.swift */; };
		55E696C51DC7A92A00BD8757 /* Main.storyboard in Resources */ = {isa = PBXBuildFile; fileRef = 55E696C31DC7A92A00BD8757 /* Main.storyboard */; };
		55E696C71DC7A92A00BD8757 /* Assets.xcassets in Resources */ = {isa = PBXBuildFile; fileRef = 55E696C61DC7A92A00BD8757 /* Assets.xcassets */; };
		55E696CA1DC7A92A00BD8757 /* LaunchScreen.storyboard in Resources */ = {isa = PBXBuildFile; fileRef = 55E696C81DC7A92A00BD8757 /* LaunchScreen.storyboard */; };
		55E696D61DC7C22900BD8757 /* GitHubService.swift in Sources */ = {isa = PBXBuildFile; fileRef = 55E696D51DC7C22900BD8757 /* GitHubService.swift */; };
		55E696D81DC7C45800BD8757 /* GitHubCredentials.swift in Sources */ = {isa = PBXBuildFile; fileRef = 55E696D71DC7C45800BD8757 /* GitHubCredentials.swift */; };
		55E696DA1DC7E28F00BD8757 /* Extensions.swift in Sources */ = {isa = PBXBuildFile; fileRef = 55E696D91DC7E28F00BD8757 /* Extensions.swift */; };
/* End PBXBuildFile section */

/* Begin PBXFileReference section */
		55CCE05A1DC8F9E9002F183D /* HomeViewController.swift */ = {isa = PBXFileReference; fileEncoding = 4; lastKnownFileType = sourcecode.swift; path = HomeViewController.swift; sourceTree = "<group>"; };
		55CCE05C1DC8FACF002F183D /* AuthViewController.swift */ = {isa = PBXFileReference; fileEncoding = 4; lastKnownFileType = sourcecode.swift; path = AuthViewController.swift; sourceTree = "<group>"; };
		55CCE05E1DC91ACB002F183D /* Repository.swift */ = {isa = PBXFileReference; fileEncoding = 4; lastKnownFileType = sourcecode.swift; path = Repository.swift; sourceTree = "<group>"; };
		55CCE0601DC95B9E002F183D /* RepoTableViewCell.swift */ = {isa = PBXFileReference; fileEncoding = 4; lastKnownFileType = sourcecode.swift; path = RepoTableViewCell.swift; sourceTree = "<group>"; };
		55CCE0621DCA6AA9002F183D /* RepoDetailViewController.swift */ = {isa = PBXFileReference; fileEncoding = 4; lastKnownFileType = sourcecode.swift; path = RepoDetailViewController.swift; sourceTree = "<group>"; };
		55CCE0641DCA6DD6002F183D /* CustomTransition.swift */ = {isa = PBXFileReference; fileEncoding = 4; lastKnownFileType = sourcecode.swift; path = CustomTransition.swift; sourceTree = "<group>"; };
		55CCE0671DCA9409002F183D /* repoCell.xib */ = {isa = PBXFileReference; fileEncoding = 4; lastKnownFileType = file.xib; path = repoCell.xib; sourceTree = "<group>"; };
		55CCE0691DCBA255002F183D /* UserSearchViewController.swift */ = {isa = PBXFileReference; fileEncoding = 4; lastKnownFileType = sourcecode.swift; path = UserSearchViewController.swift; sourceTree = "<group>"; };
		55CCE06B1DCBA508002F183D /* User.swift */ = {isa = PBXFileReference; fileEncoding = 4; lastKnownFileType = sourcecode.swift; path = User.swift; sourceTree = "<group>"; };
		55CCE06D1DCBB785002F183D /* WebViewController.swift */ = {isa = PBXFileReference; fileEncoding = 4; lastKnownFileType = sourcecode.swift; path = WebViewController.swift; sourceTree = "<group>"; };
		55CCE0711DCBE868002F183D /* ReadMe.swift */ = {isa = PBXFileReference; fileEncoding = 4; lastKnownFileType = sourcecode.swift; path = ReadMe.swift; sourceTree = "<group>"; };
		55CCE0751DCBF30D002F183D /* ReadMeView.swift */ = {isa = PBXFileReference; fileEncoding = 4; lastKnownFileType = sourcecode.swift; path = ReadMeView.swift; sourceTree = "<group>"; };
		55E696BC1DC7A92A00BD8757 /* GoGoGithub.app */ = {isa = PBXFileReference; explicitFileType = wrapper.application; includeInIndex = 0; path = GoGoGithub.app; sourceTree = BUILT_PRODUCTS_DIR; };
		55E696BF1DC7A92A00BD8757 /* AppDelegate.swift */ = {isa = PBXFileReference; lastKnownFileType = sourcecode.swift; path = AppDelegate.swift; sourceTree = "<group>"; };
		55E696C41DC7A92A00BD8757 /* Base */ = {isa = PBXFileReference; lastKnownFileType = file.storyboard; name = Base; path = Base.lproj/Main.storyboard; sourceTree = "<group>"; };
		55E696C61DC7A92A00BD8757 /* Assets.xcassets */ = {isa = PBXFileReference; lastKnownFileType = folder.assetcatalog; path = Assets.xcassets; sourceTree = "<group>"; };
		55E696C91DC7A92A00BD8757 /* Base */ = {isa = PBXFileReference; lastKnownFileType = file.storyboard; name = Base; path = Base.lproj/LaunchScreen.storyboard; sourceTree = "<group>"; };
		55E696CB1DC7A92A00BD8757 /* Info.plist */ = {isa = PBXFileReference; lastKnownFileType = text.plist.xml; path = Info.plist; sourceTree = "<group>"; };
		55E696D51DC7C22900BD8757 /* GitHubService.swift */ = {isa = PBXFileReference; fileEncoding = 4; lastKnownFileType = sourcecode.swift; path = GitHubService.swift; sourceTree = "<group>"; };
		55E696D71DC7C45800BD8757 /* GitHubCredentials.swift */ = {isa = PBXFileReference; fileEncoding = 4; lastKnownFileType = sourcecode.swift; path = GitHubCredentials.swift; sourceTree = "<group>"; };
		55E696D91DC7E28F00BD8757 /* Extensions.swift */ = {isa = PBXFileReference; fileEncoding = 4; lastKnownFileType = sourcecode.swift; path = Extensions.swift; sourceTree = "<group>"; };
/* End PBXFileReference section */

/* Begin PBXFrameworksBuildPhase section */
		55E696B91DC7A92A00BD8757 /* Frameworks */ = {
			isa = PBXFrameworksBuildPhase;
			buildActionMask = 2147483647;
			files = (
			);
			runOnlyForDeploymentPostprocessing = 0;
		};
/* End PBXFrameworksBuildPhase section */

/* Begin PBXGroup section */
		55E696B31DC7A92A00BD8757 = {
			isa = PBXGroup;
			children = (
				55E696BE1DC7A92A00BD8757 /* GoGoGithub */,
				55E696BD1DC7A92A00BD8757 /* Products */,
			);
			sourceTree = "<group>";
		};
		55E696BD1DC7A92A00BD8757 /* Products */ = {
			isa = PBXGroup;
			children = (
				55E696BC1DC7A92A00BD8757 /* GoGoGithub.app */,
			);
			name = Products;
			sourceTree = "<group>";
		};
		55E696BE1DC7A92A00BD8757 /* GoGoGithub */ = {
			isa = PBXGroup;
			children = (
				55E696D31DC7A9FE00BD8757 /* Model */,
				55E696D21DC7A9FC00BD8757 /* View */,
				55E696D11DC7A9F800BD8757 /* Controller */,
				55E696C81DC7A92A00BD8757 /* LaunchScreen.storyboard */,
				55E696D41DC7AA2200BD8757 /* Supporting */,
			);
			path = GoGoGithub;
			sourceTree = "<group>";
		};
		55E696D11DC7A9F800BD8757 /* Controller */ = {
			isa = PBXGroup;
			children = (
				55CCE05C1DC8FACF002F183D /* AuthViewController.swift */,
				55CCE05A1DC8F9E9002F183D /* HomeViewController.swift */,
				55CCE0621DCA6AA9002F183D /* RepoDetailViewController.swift */,
				55CCE0691DCBA255002F183D /* UserSearchViewController.swift */,
				55CCE06D1DCBB785002F183D /* WebViewController.swift */,
			);
			name = Controller;
			sourceTree = "<group>";
		};
		55E696D21DC7A9FC00BD8757 /* View */ = {
			isa = PBXGroup;
			children = (
				55CCE0641DCA6DD6002F183D /* CustomTransition.swift */,
				55E696C31DC7A92A00BD8757 /* Main.storyboard */,
				55CCE0751DCBF30D002F183D /* ReadMeView.swift */,
				55CCE0601DC95B9E002F183D /* RepoTableViewCell.swift */,
			);
			name = View;
			sourceTree = "<group>";
		};
		55E696D31DC7A9FE00BD8757 /* Model */ = {
			isa = PBXGroup;
			children = (
				55E696D51DC7C22900BD8757 /* GitHubService.swift */,
				55CCE0711DCBE868002F183D /* ReadMe.swift */,
				55CCE0671DCA9409002F183D /* repoCell.xib */,
				55CCE05E1DC91ACB002F183D /* Repository.swift */,
				55CCE06B1DCBA508002F183D /* User.swift */,
			);
			name = Model;
			sourceTree = "<group>";
		};
		55E696D41DC7AA2200BD8757 /* Supporting */ = {
			isa = PBXGroup;
			children = (
				55E696D91DC7E28F00BD8757 /* Extensions.swift */,
				55E696D71DC7C45800BD8757 /* GitHubCredentials.swift */,
				55E696BF1DC7A92A00BD8757 /* AppDelegate.swift */,
				55E696C61DC7A92A00BD8757 /* Assets.xcassets */,
				55E696CB1DC7A92A00BD8757 /* Info.plist */,
			);
			name = Supporting;
			sourceTree = "<group>";
		};
/* End PBXGroup section */

/* Begin PBXNativeTarget section */
		55E696BB1DC7A92A00BD8757 /* GoGoGithub */ = {
			isa = PBXNativeTarget;
			buildConfigurationList = 55E696CE1DC7A92A00BD8757 /* Build configuration list for PBXNativeTarget "GoGoGithub" */;
			buildPhases = (
				55E696B81DC7A92A00BD8757 /* Sources */,
				55E696B91DC7A92A00BD8757 /* Frameworks */,
				55E696BA1DC7A92A00BD8757 /* Resources */,
			);
			buildRules = (
			);
			dependencies = (
			);
			name = GoGoGithub;
			productName = GoGoGithub;
			productReference = 55E696BC1DC7A92A00BD8757 /* GoGoGithub.app */;
			productType = "com.apple.product-type.application";
		};
/* End PBXNativeTarget section */

/* Begin PBXProject section */
		55E696B41DC7A92A00BD8757 /* Project object */ = {
			isa = PBXProject;
			attributes = {
				LastSwiftUpdateCheck = 0800;
				LastUpgradeCheck = 0800;
				ORGANIZATIONNAME = "Erica Winberry";
				TargetAttributes = {
					55E696BB1DC7A92A00BD8757 = {
						CreatedOnToolsVersion = 8.0;
						DevelopmentTeam = 4YFWUVNT8L;
						ProvisioningStyle = Automatic;
					};
				};
			};
			buildConfigurationList = 55E696B71DC7A92A00BD8757 /* Build configuration list for PBXProject "GoGoGithub" */;
			compatibilityVersion = "Xcode 3.2";
			developmentRegion = English;
			hasScannedForEncodings = 0;
			knownRegions = (
				en,
				Base,
			);
			mainGroup = 55E696B31DC7A92A00BD8757;
			productRefGroup = 55E696BD1DC7A92A00BD8757 /* Products */;
			projectDirPath = "";
			projectRoot = "";
			targets = (
				55E696BB1DC7A92A00BD8757 /* GoGoGithub */,
			);
		};
/* End PBXProject section */

/* Begin PBXResourcesBuildPhase section */
		55E696BA1DC7A92A00BD8757 /* Resources */ = {
			isa = PBXResourcesBuildPhase;
			buildActionMask = 2147483647;
			files = (
				55E696CA1DC7A92A00BD8757 /* LaunchScreen.storyboard in Resources */,
				55E696C71DC7A92A00BD8757 /* Assets.xcassets in Resources */,
				55E696C51DC7A92A00BD8757 /* Main.storyboard in Resources */,
				55CCE0681DCA9409002F183D /* repoCell.xib in Resources */,
			);
			runOnlyForDeploymentPostprocessing = 0;
		};
/* End PBXResourcesBuildPhase section */

/* Begin PBXSourcesBuildPhase section */
		55E696B81DC7A92A00BD8757 /* Sources */ = {
			isa = PBXSourcesBuildPhase;
			buildActionMask = 2147483647;
			files = (
				55CCE05F1DC91ACB002F183D /* Repository.swift in Sources */,
				55CCE0761DCBF30D002F183D /* ReadMeView.swift in Sources */,
				55E696DA1DC7E28F00BD8757 /* Extensions.swift in Sources */,
				55CCE0721DCBE868002F183D /* ReadMe.swift in Sources */,
				55E696D61DC7C22900BD8757 /* GitHubService.swift in Sources */,
				55CCE0611DC95B9E002F183D /* RepoTableViewCell.swift in Sources */,
				55CCE06A1DCBA255002F183D /* UserSearchViewController.swift in Sources */,
				55CCE05D1DC8FACF002F183D /* AuthViewController.swift in Sources */,
				55E696D81DC7C45800BD8757 /* GitHubCredentials.swift in Sources */,
				55E696C01DC7A92A00BD8757 /* AppDelegate.swift in Sources */,
				55CCE06C1DCBA508002F183D /* User.swift in Sources */,
				55CCE0651DCA6DD6002F183D /* CustomTransition.swift in Sources */,
				55CCE05B1DC8F9E9002F183D /* HomeViewController.swift in Sources */,
				55CCE06E1DCBB785002F183D /* WebViewController.swift in Sources */,
				55CCE0631DCA6AA9002F183D /* RepoDetailViewController.swift in Sources */,
			);
			runOnlyForDeploymentPostprocessing = 0;
		};
/* End PBXSourcesBuildPhase section */

/* Begin PBXVariantGroup section */
		55E696C31DC7A92A00BD8757 /* Main.storyboard */ = {
			isa = PBXVariantGroup;
			children = (
				55E696C41DC7A92A00BD8757 /* Base */,
			);
			name = Main.storyboard;
			sourceTree = "<group>";
		};
		55E696C81DC7A92A00BD8757 /* LaunchScreen.storyboard */ = {
			isa = PBXVariantGroup;
			children = (
				55E696C91DC7A92A00BD8757 /* Base */,
			);
			name = LaunchScreen.storyboard;
			sourceTree = "<group>";
		};
/* End PBXVariantGroup section */

/* Begin XCBuildConfiguration section */
		55E696CC1DC7A92A00BD8757 /* Debug */ = {
			isa = XCBuildConfiguration;
			buildSettings = {
				ALWAYS_SEARCH_USER_PATHS = NO;
				CLANG_ANALYZER_NONNULL = YES;
				CLANG_CXX_LANGUAGE_STANDARD = "gnu++0x";
				CLANG_CXX_LIBRARY = "libc++";
				CLANG_ENABLE_MODULES = YES;
				CLANG_ENABLE_OBJC_ARC = YES;
				CLANG_WARN_BOOL_CONVERSION = YES;
				CLANG_WARN_CONSTANT_CONVERSION = YES;
				CLANG_WARN_DIRECT_OBJC_ISA_USAGE = YES_ERROR;
				CLANG_WARN_DOCUMENTATION_COMMENTS = YES;
				CLANG_WARN_EMPTY_BODY = YES;
				CLANG_WARN_ENUM_CONVERSION = YES;
				CLANG_WARN_INFINITE_RECURSION = YES;
				CLANG_WARN_INT_CONVERSION = YES;
				CLANG_WARN_OBJC_ROOT_CLASS = YES_ERROR;
				CLANG_WARN_SUSPICIOUS_MOVES = YES;
				CLANG_WARN_UNREACHABLE_CODE = YES;
				CLANG_WARN__DUPLICATE_METHOD_MATCH = YES;
				"CODE_SIGN_IDENTITY[sdk=iphoneos*]" = "iPhone Developer";
				COPY_PHASE_STRIP = NO;
				DEBUG_INFORMATION_FORMAT = dwarf;
				ENABLE_STRICT_OBJC_MSGSEND = YES;
				ENABLE_TESTABILITY = YES;
				GCC_C_LANGUAGE_STANDARD = gnu99;
				GCC_DYNAMIC_NO_PIC = NO;
				GCC_NO_COMMON_BLOCKS = YES;
				GCC_OPTIMIZATION_LEVEL = 0;
				GCC_PREPROCESSOR_DEFINITIONS = (
					"DEBUG=1",
					"$(inherited)",
				);
				GCC_WARN_64_TO_32_BIT_CONVERSION = YES;
				GCC_WARN_ABOUT_RETURN_TYPE = YES_ERROR;
				GCC_WARN_UNDECLARED_SELECTOR = YES;
				GCC_WARN_UNINITIALIZED_AUTOS = YES_AGGRESSIVE;
				GCC_WARN_UNUSED_FUNCTION = YES;
				GCC_WARN_UNUSED_VARIABLE = YES;
				IPHONEOS_DEPLOYMENT_TARGET = 10.0;
				MTL_ENABLE_DEBUG_INFO = YES;
				ONLY_ACTIVE_ARCH = YES;
				SDKROOT = iphoneos;
				SWIFT_ACTIVE_COMPILATION_CONDITIONS = DEBUG;
				SWIFT_OPTIMIZATION_LEVEL = "-Onone";
				TARGETED_DEVICE_FAMILY = "1,2";
			};
			name = Debug;
		};
		55E696CD1DC7A92A00BD8757 /* Release */ = {
			isa = XCBuildConfiguration;
			buildSettings = {
				ALWAYS_SEARCH_USER_PATHS = NO;
				CLANG_ANALYZER_NONNULL = YES;
				CLANG_CXX_LANGUAGE_STANDARD = "gnu++0x";
				CLANG_CXX_LIBRARY = "libc++";
				CLANG_ENABLE_MODULES = YES;
				CLANG_ENABLE_OBJC_ARC = YES;
				CLANG_WARN_BOOL_CONVERSION = YES;
				CLANG_WARN_CONSTANT_CONVERSION = YES;
				CLANG_WARN_DIRECT_OBJC_ISA_USAGE = YES_ERROR;
				CLANG_WARN_DOCUMENTATION_COMMENTS = YES;
				CLANG_WARN_EMPTY_BODY = YES;
				CLANG_WARN_ENUM_CONVERSION = YES;
				CLANG_WARN_INFINITE_RECURSION = YES;
				CLANG_WARN_INT_CONVERSION = YES;
				CLANG_WARN_OBJC_ROOT_CLASS = YES_ERROR;
				CLANG_WARN_SUSPICIOUS_MOVES = YES;
				CLANG_WARN_UNREACHABLE_CODE = YES;
				CLANG_WARN__DUPLICATE_METHOD_MATCH = YES;
				"CODE_SIGN_IDENTITY[sdk=iphoneos*]" = "iPhone Developer";
				COPY_PHASE_STRIP = NO;
				DEBUG_INFORMATION_FORMAT = "dwarf-with-dsym";
				ENABLE_NS_ASSERTIONS = NO;
				ENABLE_STRICT_OBJC_MSGSEND = YES;
				GCC_C_LANGUAGE_STANDARD = gnu99;
				GCC_NO_COMMON_BLOCKS = YES;
				GCC_WARN_64_TO_32_BIT_CONVERSION = YES;
				GCC_WARN_ABOUT_RETURN_TYPE = YES_ERROR;
				GCC_WARN_UNDECLARED_SELECTOR = YES;
				GCC_WARN_UNINITIALIZED_AUTOS = YES_AGGRESSIVE;
				GCC_WARN_UNUSED_FUNCTION = YES;
				GCC_WARN_UNUSED_VARIABLE = YES;
				IPHONEOS_DEPLOYMENT_TARGET = 10.0;
				MTL_ENABLE_DEBUG_INFO = NO;
				SDKROOT = iphoneos;
				SWIFT_OPTIMIZATION_LEVEL = "-Owholemodule";
				TARGETED_DEVICE_FAMILY = "1,2";
				VALIDATE_PRODUCT = YES;
			};
			name = Release;
		};
		55E696CF1DC7A92A00BD8757 /* Debug */ = {
			isa = XCBuildConfiguration;
			buildSettings = {
				ASSETCATALOG_COMPILER_APPICON_NAME = AppIcon;
				DEVELOPMENT_TEAM = 4YFWUVNT8L;
				INFOPLIST_FILE = GoGoGithub/Info.plist;
				LD_RUNPATH_SEARCH_PATHS = "$(inherited) @executable_path/Frameworks";
				PRODUCT_BUNDLE_IDENTIFIER = "com-elaewin.github.GoGoGithub";
				PRODUCT_NAME = "$(TARGET_NAME)";
				SWIFT_VERSION = 3.0;
			};
			name = Debug;
		};
		55E696D01DC7A92A00BD8757 /* Release */ = {
			isa = XCBuildConfiguration;
			buildSettings = {
				ASSETCATALOG_COMPILER_APPICON_NAME = AppIcon;
				DEVELOPMENT_TEAM = 4YFWUVNT8L;
				INFOPLIST_FILE = GoGoGithub/Info.plist;
				LD_RUNPATH_SEARCH_PATHS = "$(inherited) @executable_path/Frameworks";
				PRODUCT_BUNDLE_IDENTIFIER = "com-elaewin.github.GoGoGithub";
				PRODUCT_NAME = "$(TARGET_NAME)";
				SWIFT_VERSION = 3.0;
			};
			name = Release;
		};
/* End XCBuildConfiguration section */

/* Begin XCConfigurationList section */
		55E696B71DC7A92A00BD8757 /* Build configuration list for PBXProject "GoGoGithub" */ = {
			isa = XCConfigurationList;
			buildConfigurations = (
				55E696CC1DC7A92A00BD8757 /* Debug */,
				55E696CD1DC7A92A00BD8757 /* Release */,
			);
			defaultConfigurationIsVisible = 0;
			defaultConfigurationName = Release;
		};
		55E696CE1DC7A92A00BD8757 /* Build configuration list for PBXNativeTarget "GoGoGithub" */ = {
			isa = XCConfigurationList;
			buildConfigurations = (
				55E696CF1DC7A92A00BD8757 /* Debug */,
				55E696D01DC7A92A00BD8757 /* Release */,
			);
			defaultConfigurationIsVisible = 0;
			defaultConfigurationName = Release;
		};
/* End XCConfigurationList section */
	};
	rootObject = 55E696B41DC7A92A00BD8757 /* Project object */;
}
